
Microsoft Visual Studio Solution File, Format Version 12.00
# Visual Studio Version 16
VisualStudioVersion = 16.0.29709.97
MinimumVisualStudioVersion = 10.0.40219.1
Project("{FAE04EC0-301F-11D3-BF4B-00C04F79EFBC}") = "Inlmämningsuppgift2", "Inlmämningsuppgift2\Inlmämningsuppgift2.csproj", "{DAC96C7E-A60B-4642-B7F5-4E84EF72BD09}"
EndProject
Global
	GlobalSection(SolutionConfigurationPlatforms) = preSolution
		Debug|Any CPU = Debug|Any CPU
		Release|Any CPU = Release|Any CPU
	EndGlobalSection
	GlobalSection(ProjectConfigurationPlatforms) = postSolution
		{DAC96C7E-A60B-4642-B7F5-4E84EF72BD09}.Debug|Any CPU.ActiveCfg = Debug|Any CPU
		{DAC96C7E-A60B-4642-B7F5-4E84EF72BD09}.Debug|Any CPU.Build.0 = Debug|Any CPU
		{DAC96C7E-A60B-4642-B7F5-4E84EF72BD09}.Release|Any CPU.ActiveCfg = Release|Any CPU
		{DAC96C7E-A60B-4642-B7F5-4E84EF72BD09}.Release|Any CPU.Build.0 = Release|Any CPU
	EndGlobalSection
	GlobalSection(SolutionProperties) = preSolution
		HideSolutionNode = FALSE
	EndGlobalSection
	GlobalSection(ExtensibilityGlobals) = postSolution
		SolutionGuid = {7CB0EBFE-94DB-4AC2-A659-2D6E5148C344}
	EndGlobalSection
EndGlobal
